<?xml version="1.0" encoding="utf-8"?>
<Project ToolsVersion="4.0" xmlns="http://schemas.microsoft.com/developer/msbuild/2003">
  <ItemGroup>
    <Filter Include="Source Files">
      <UniqueIdentifier>{4FC737F1-C7A5-4376-A066-2A32D752A2FF}</UniqueIdentifier>
      <Extensions>cpp;c;cc;cxx;c++;cppm;ixx;def;odl;idl;hpj;bat;asm;asmx</Extensions>
    </Filter>
    <Filter Include="Header Files">
      <UniqueIdentifier>{93995380-89BD-4b04-88EB-625FBE52EBFB}</UniqueIdentifier>
      <Extensions>h;hh;hpp;hxx;h++;hm;inl;inc;ipp;xsd</Extensions>
    </Filter>
    <Filter Include="Resource Files">
      <UniqueIdentifier>{67DA6AB6-F800-4c08-8B7A-83BB121AAD01}</UniqueIdentifier>
      <Extensions>rc;ico;cur;bmp;dlg;rc2;rct;bin;rgs;gif;jpg;jpeg;jpe;resx;tiff;tif;png;wav;mfcribbon-ms</Extensions>
    </Filter>
    <Filter Include="Header Files\ignore">
      <UniqueIdentifier>{90a13d44-9605-4a0f-9223-ea10ae698ef7}</UniqueIdentifier>
    </Filter>
    <Filter Include="Source Files\cs2">
      <UniqueIdentifier>{429ff722-8a51-40b6-a237-a155c9430101}</UniqueIdentifier>
    </Filter>
    <Filter Include="Source Files\cs2\engine">
      <UniqueIdentifier>{ff2781db-eb45-44ec-b865-433fb9415468}</UniqueIdentifier>
    </Filter>
    <Filter Include="Source Files\utils">
      <UniqueIdentifier>{58a0808b-24af-4a8f-bbbb-1a906bd48844}</UniqueIdentifier>
    </Filter>
    <Filter Include="Source Files\cs2\client">
      <UniqueIdentifier>{459af87e-9b54-489b-b38e-04704a3bcc15}</UniqueIdentifier>
    </Filter>
    <Filter Include="Source Files\mh">
      <UniqueIdentifier>{33467030-1ba8-4fbb-ad29-5f018d8117bc}</UniqueIdentifier>
    </Filter>
    <Filter Include="Source Files\mh\hde">
      <UniqueIdentifier>{e6f5907b-3efa-4b79-96e0-604b015bb646}</UniqueIdentifier>
    </Filter>
  </ItemGroup>
  <ItemGroup>
    <ClInclude Include="code.hpp">
      <Filter>Source Files</Filter>
    </ClInclude>
    <ClInclude Include="global_macros.hpp">
      <Filter>Header Files</Filter>
    </ClInclude>
    <ClInclude Include="cs2\interface.hpp">
      <Filter>Source Files\cs2</Filter>
    </ClInclude>
    <ClInclude Include="cs2\interfaces\icvar.hpp">
      <Filter>Source Files\cs2</Filter>
    </ClInclude>
    <ClInclude Include="cs2\engine\cmd.hpp">
      <Filter>Source Files\cs2\engine</Filter>
    </ClInclude>
    <ClInclude Include="utils\engine.hpp">
      <Filter>Source Files\utils</Filter>
    </ClInclude>
    <ClInclude Include="utils\process.hpp">
      <Filter>Source Files\utils</Filter>
    </ClInclude>
    <ClInclude Include="cs2\client\vgui_fpspanel.hpp">
      <Filter>Source Files\cs2\client</Filter>
    </ClInclude>
    <ClInclude Include="utils\hook.hpp">
      <Filter>Source Files\utils</Filter>
    </ClInclude>
  </ItemGroup>
  <ItemGroup>
    <ClCompile Include="dllmain.cpp">
      <Filter>Header Files\ignore</Filter>
    </ClCompile>
    <ClCompile Include="code.cpp">
      <Filter>Source Files</Filter>
    </ClCompile>
    <ClCompile Include="cs2\interface.cpp">
      <Filter>Source Files\cs2</Filter>
    </ClCompile>
    <ClCompile Include="cs2\interfaces\icvar.cpp">
      <Filter>Source Files\cs2</Filter>
    </ClCompile>
    <ClCompile Include="cs2\engine\cmd.cpp">
      <Filter>Source Files\cs2\engine</Filter>
    </ClCompile>
    <ClCompile Include="utils\engine.cpp">
      <Filter>Source Files\utils</Filter>
    </ClCompile>
    <ClCompile Include="utils\process.cpp">
      <Filter>Source Files\utils</Filter>
    </ClCompile>
    <ClCompile Include="cs2\client\vgui_fpspanel.cpp">
      <Filter>Source Files\cs2\client</Filter>
    </ClCompile>
    <ClCompile Include="mh\hde\hde32.c">
      <Filter>Source Files\mh\hde</Filter>
    </ClCompile>
    <ClCompile Include="mh\hde\hde64.c">
      <Filter>Source Files\mh\hde</Filter>
    </ClCompile>
    <ClCompile Include="mh\trampoline.c">
      <Filter>Source Files\mh</Filter>
    </ClCompile>
    <ClCompile Include="mh\buffer.c">
      <Filter>Source Files\mh</Filter>
    </ClCompile>
    <ClCompile Include="mh\hook.c">
      <Filter>Source Files\mh</Filter>
    </ClCompile>
  </ItemGroup>
</Project>